{
    "name": "autolispext",
    "version": "0.0.1",
    "lockfileVersion": 1,
    "requires": true,
    "dependencies": {
        "vscode": {
            "version": "1.1.21",
            "resolved": "https://registry.npmjs.org/vscode/-/vscode-1.1.21.tgz",
            "integrity": "sha512-tJl9eL15ZMm6vzCYYeQ26sSYRuXGMGPsaeIAmG2rOOYRn01jdaDg6I4b9G5Ed6FISdmn6egpKThk4o4om8Ax/A==",
            "dev": true
        },
        "vscode-languageclient": {
            "version": "4.2.0",
            "resolved": "https://registry.npmjs.org/vscode-languageclient/-/vscode-languageclient-4.2.0.tgz",
            "integrity": "sha512-uEe9myl+EERJV4ZRyl1YARieixLaO8hJY5hyjhltRMel/FeB9t0P7SjE2IOel1sX/TyFyRdbLMOjJYyeWhENAg=="
        },
        "vscode-jsonrpc": {
            "version": "4.0.0",
            "resolved": "https://registry.npmjs.org/vscode-jsonrpc/-/vscode-jsonrpc-4.0.0.tgz",
            "integrity": "sha512-perEnXQdQOJMTDFNv+UF3h1Y0z4iSiaN9jIlb0OqIYgosPCZGYh/MCUlkFtV2668PL69lRDO32hmvL2yiidUYg=="
        },
        "vscode-languageserver-protocol": {
            "version": "3.14.1",
            "resolved": "https://registry.npmjs.org/vscode-languageserver-protocol/-/vscode-languageserver-protocol-3.14.1.tgz",
            "integrity": "sha512-IL66BLb2g20uIKog5Y2dQ0IiigW0XKrvmWiOvc0yXw80z3tMEzEnHjaGAb3ENuU7MnQqgnYJ1Cl2l9RvNgDi4g==",
            "requires": {
                "vscode-jsonrpc": "^4.0.0",
                "vscode-languageserver-types": "3.14.0"
            }
        },
        "vscode-languageserver-types": {
            "version": "3.14.0",
            "resolved": "https://registry.npmjs.org/vscode-languageserver-types/-/vscode-languageserver-types-3.14.0.tgz",
            "integrity": "sha512-lTmS6AlAlMHOvPQemVwo3CezxBp0sNB95KNPkqp3Nxd5VFEnuG1ByM0zlRWos0zjO3ZWtkvhal0COgiV1xIA4A=="
        },
        "vscode-nls": {
            "version": "4.0.0",
            "resolved": "https://registry.npmjs.org/vscode-nls/-/vscode-nls-4.0.0.tgz",
            "integrity": "sha512-qCfdzcH+0LgQnBpZA53bA32kzp9rpq/f66Som577ObeuDlFIrtbEJ+A/+CCxjIh4G8dpJYNCKIsxpRAHIfsbNw==",
            "dev": true
        }
    }
}
