{
    "name": "autolispext",
    "version": "0.0.1",
    "lockfileVersion": 1,
    "requires": true,
    "dependencies":{
        "@types/node": {
            "version": "8.10.18",
            "resolved": "https://registry.npmjs.org/@types/node/-/node-8.10.18.tgz",
            "integrity": "sha512-WoepSz+wJlU5Bjq5oK6cO1oXe2FgPcjMtQPgKPS8fVaTAD0lxkScMCCbMimdkVCsykqaA4lvHWz3cmj28yimhA==",
            "dev": true
        },
        "tslint": {
            "version": "5.11.0",
            "resolved": "https://registry.npmjs.org/tslint/-/tslint-5.11.0.tgz",
            "integrity": "sha1-mPMMAurjzecAYgHkwzywi0hYHu0=",
            "dev": true,
            "requires": {
                "babel-code-frame": "^6.22.0",
                "builtin-modules": "^1.1.1",
                "chalk": "^2.3.0",
                "commander": "^2.12.1",
                "diff": "^3.2.0",
                "glob": "^7.1.1",
                "js-yaml": "^3.7.0",
                "minimatch": "^3.0.4",
                "resolve": "^1.3.2",
                "semver": "^5.3.0",
                "tslib": "^1.8.0",
                "tsutils": "^2.27.2"
            }
        },
        "tsutils": {
            "version": "2.29.0",
            "resolved": "https://registry.npmjs.org/tsutils/-/tsutils-2.29.0.tgz",
            "integrity": "sha512-g5JVHCIJwzfISaXpXE1qvNalca5Jwob6FjI4AoPlqMusJ6ftFE7IkkFoMhVLRgK+4Kx3gkzb8UZK5t5yTTvEmA==",
            "dev": true,
            "requires": {
                "tslib": "^1.8.1"
            }
        },
        "typescript": {
            "version": "3.2.4",
            "resolved": "https://registry.npmjs.org/typescript/-/typescript-3.2.4.tgz",
            "integrity": "sha512-0RNDbSdEokBeEAkgNbxJ+BLwSManFy9TeXz8uW+48j/xhEXv1ePME60olyzw2XzUqUBNAYFeJadIqAgNqIACwg==",
            "dev": true
        },
        "vscode": {
            "version": "1.1.21",
            "resolved": "https://registry.npmjs.org/vscode/-/vscode-1.1.21.tgz",
            "integrity": "sha512-tJl9eL15ZMm6vzCYYeQ26sSYRuXGMGPsaeIAmG2rOOYRn01jdaDg6I4b9G5Ed6FISdmn6egpKThk4o4om8Ax/A==",
            "dev": true
        },
        "vscode-languageclient": {
            "version": "4.2.0",
            "resolved": "https://registry.npmjs.org/vscode-languageclient/-/vscode-languageclient-4.2.0.tgz",
            "integrity": "sha512-uEe9myl+EERJV4ZRyl1YARieixLaO8hJY5hyjhltRMel/FeB9t0P7SjE2IOel1sX/TyFyRdbLMOjJYyeWhENAg=="
        },
        "vscode-jsonrpc": {
            "version": "4.0.0",
            "resolved": "https://registry.npmjs.org/vscode-jsonrpc/-/vscode-jsonrpc-4.0.0.tgz",
            "integrity": "sha512-perEnXQdQOJMTDFNv+UF3h1Y0z4iSiaN9jIlb0OqIYgosPCZGYh/MCUlkFtV2668PL69lRDO32hmvL2yiidUYg=="
        },
        "vscode-languageserver-protocol": {
            "version": "3.14.1",
            "resolved": "https://registry.npmjs.org/vscode-languageserver-protocol/-/vscode-languageserver-protocol-3.14.1.tgz",
            "integrity": "sha512-IL66BLb2g20uIKog5Y2dQ0IiigW0XKrvmWiOvc0yXw80z3tMEzEnHjaGAb3ENuU7MnQqgnYJ1Cl2l9RvNgDi4g==",
            "requires": {
                "vscode-jsonrpc": "^4.0.0",
                "vscode-languageserver-types": "3.14.0"
            }
        },
        "vscode-languageserver-types": {
            "version": "3.14.0",
            "resolved": "https://registry.npmjs.org/vscode-languageserver-types/-/vscode-languageserver-types-3.14.0.tgz",
            "integrity": "sha512-lTmS6AlAlMHOvPQemVwo3CezxBp0sNB95KNPkqp3Nxd5VFEnuG1ByM0zlRWos0zjO3ZWtkvhal0COgiV1xIA4A=="
        },
        "vscode-nls": {
            "version": "4.0.0",
            "resolved": "https://registry.npmjs.org/vscode-nls/-/vscode-nls-4.0.0.tgz",
            "integrity": "sha512-qCfdzcH+0LgQnBpZA53bA32kzp9rpq/f66Som577ObeuDlFIrtbEJ+A/+CCxjIh4G8dpJYNCKIsxpRAHIfsbNw==",
            "dev": true
        }
    }
}
