
Microsoft Visual Studio Solution File, Format Version 12.00
# Visual Studio Version 16
VisualStudioVersion = 16.0.30413.136
MinimumVisualStudioVersion = 10.0.40219.1
Project("{FAE04EC0-301F-11D3-BF4B-00C04F79EFBC}") = "autolispext.i18.helper", "autolispext.i18.helper.csproj", "{C9BA61F2-03D5-4EE5-B302-F99DEF2AD48D}"
EndProject
Global
	GlobalSection(SolutionConfigurationPlatforms) = preSolution
		Debug|Any CPU = Debug|Any CPU
		Release|Any CPU = Release|Any CPU
	EndGlobalSection
	GlobalSection(ProjectConfigurationPlatforms) = postSolution
		{C9BA61F2-03D5-4EE5-B302-F99DEF2AD48D}.Debug|Any CPU.ActiveCfg = Debug|Any CPU
		{C9BA61F2-03D5-4EE5-B302-F99DEF2AD48D}.Debug|Any CPU.Build.0 = Debug|Any CPU
		{C9BA61F2-03D5-4EE5-B302-F99DEF2AD48D}.Release|Any CPU.ActiveCfg = Release|Any CPU
		{C9BA61F2-03D5-4EE5-B302-F99DEF2AD48D}.Release|Any CPU.Build.0 = Release|Any CPU
	EndGlobalSection
	GlobalSection(SolutionProperties) = preSolution
		HideSolutionNode = FALSE
	EndGlobalSection
	GlobalSection(ExtensibilityGlobals) = postSolution
		SolutionGuid = {5CCF6529-262C-442C-8198-57B2E0F1C758}
	EndGlobalSection
EndGlobal
